
Microsoft Visual Studio Solution File, Format Version 12.00
# Visual Studio Version 17
VisualStudioVersion = 17.6.33829.357
MinimumVisualStudioVersion = 10.0.40219.1
Project("{FAE04EC0-301F-11D3-BF4B-00C04F79EFBC}") = "SerializeDeserialize", "SerializeDeserialize.csproj", "{A3901302-78DF-4F8E-B140-6F3A2AD74761}"
EndProject
Global
	GlobalSection(SolutionConfigurationPlatforms) = preSolution
		Debug|Any CPU = Debug|Any CPU
		Release|Any CPU = Release|Any CPU
	EndGlobalSection
	GlobalSection(ProjectConfigurationPlatforms) = postSolution
		{A3901302-78DF-4F8E-B140-6F3A2AD74761}.Debug|Any CPU.ActiveCfg = Debug|Any CPU
		{A3901302-78DF-4F8E-B140-6F3A2AD74761}.Debug|Any CPU.Build.0 = Debug|Any CPU
		{A3901302-78DF-4F8E-B140-6F3A2AD74761}.Release|Any CPU.ActiveCfg = Release|Any CPU
		{A3901302-78DF-4F8E-B140-6F3A2AD74761}.Release|Any CPU.Build.0 = Release|Any CPU
	EndGlobalSection
	GlobalSection(SolutionProperties) = preSolution
		HideSolutionNode = FALSE
	EndGlobalSection
	GlobalSection(ExtensibilityGlobals) = postSolution
		SolutionGuid = {694B746B-2BB2-4C84-928D-B3507C6C7E60}
	EndGlobalSection
EndGlobal
